
Microsoft Visual Studio Solution File, Format Version 12.00
# Visual Studio Version 16
VisualStudioVersion = 16.0.30717.126
MinimumVisualStudioVersion = 10.0.40219.1
Project("{FAE04EC0-301F-11D3-BF4B-00C04F79EFBC}") = "TestForItMonitoring", "TestForItMonitoring\TestForItMonitoring.csproj", "{D50D9558-CC64-4D93-BD9C-73F28273E8DD}"
EndProject
Global
	GlobalSection(SolutionConfigurationPlatforms) = preSolution
		Debug|Any CPU = Debug|Any CPU
		Release|Any CPU = Release|Any CPU
	EndGlobalSection
	GlobalSection(ProjectConfigurationPlatforms) = postSolution
		{D50D9558-CC64-4D93-BD9C-73F28273E8DD}.Debug|Any CPU.ActiveCfg = Debug|Any CPU
		{D50D9558-CC64-4D93-BD9C-73F28273E8DD}.Debug|Any CPU.Build.0 = Debug|Any CPU
		{D50D9558-CC64-4D93-BD9C-73F28273E8DD}.Release|Any CPU.ActiveCfg = Release|Any CPU
		{D50D9558-CC64-4D93-BD9C-73F28273E8DD}.Release|Any CPU.Build.0 = Release|Any CPU
	EndGlobalSection
	GlobalSection(SolutionProperties) = preSolution
		HideSolutionNode = FALSE
	EndGlobalSection
	GlobalSection(ExtensibilityGlobals) = postSolution
		SolutionGuid = {F6722B81-62ED-4870-AEE1-00EE18F86CEC}
	EndGlobalSection
EndGlobal
